
Microsoft Visual Studio Solution File, Format Version 12.00
# Visual Studio 15
Project("{FAE04EC0-301F-11D3-BF4B-00C04F79EFBC}") = "UnityEngine.UI", "UnityEngine.UI.csproj", "{F2914780-741C-B30A-6E4A-1DE6937389C8}"
EndProject
Project("{FAE04EC0-301F-11D3-BF4B-00C04F79EFBC}") = "Assembly-CSharp", "Assembly-CSharp.csproj", "{9871F6DD-7EDD-FEAE-CB73-F6C3AE67D19A}"
EndProject
Project("{FAE04EC0-301F-11D3-BF4B-00C04F79EFBC}") = "PhotonUnityNetworking.Demos", "PhotonUnityNetworking.Demos.csproj", "{D1B9848C-F67B-B737-9502-D41802D777DF}"
EndProject
Project("{FAE04EC0-301F-11D3-BF4B-00C04F79EFBC}") = "PhotonUnityNetworking.Utilities", "PhotonUnityNetworking.Utilities.csproj", "{8A8E660B-B802-56BE-2F9C-38C452721A93}"
EndProject
Project("{FAE04EC0-301F-11D3-BF4B-00C04F79EFBC}") = "PhotonChat", "PhotonChat.csproj", "{625326C5-4607-E9AA-DD98-ACD8C3D2E602}"
EndProject
Project("{FAE04EC0-301F-11D3-BF4B-00C04F79EFBC}") = "PhotonUnityNetworking", "PhotonUnityNetworking.csproj", "{D1EFA966-41C8-A410-51BA-40B99DE41C7E}"
EndProject
Project("{FAE04EC0-301F-11D3-BF4B-00C04F79EFBC}") = "PhotonRealtime", "PhotonRealtime.csproj", "{D49089C9-1A42-E696-17B0-DE1A4DF70E68}"
EndProject
Project("{FAE04EC0-301F-11D3-BF4B-00C04F79EFBC}") = "Unity.2D.Tilemap.Editor", "Unity.2D.Tilemap.Editor.csproj", "{37F480EB-C90F-3959-4AF0-517770DC12FE}"
EndProject
Project("{FAE04EC0-301F-11D3-BF4B-00C04F79EFBC}") = "Unity.2D.Sprite.Editor", "Unity.2D.Sprite.Editor.csproj", "{4E3CD8B1-1C8D-D408-7607-826DE77496E9}"
EndProject
Project("{FAE04EC0-301F-11D3-BF4B-00C04F79EFBC}") = "UnityEditor.UI", "UnityEditor.UI.csproj", "{CD19DB0A-7AFE-1DD2-B814-3A570098F32F}"
EndProject
Project("{FAE04EC0-301F-11D3-BF4B-00C04F79EFBC}") = "PhotonUnityNetworking.Editor", "PhotonUnityNetworking.Editor.csproj", "{C3F60C42-3003-38E1-0FED-194109460C7A}"
EndProject
Project("{FAE04EC0-301F-11D3-BF4B-00C04F79EFBC}") = "PunDemos.DemoSlotcarEditor", "PunDemos.DemoSlotcarEditor.csproj", "{D9B47126-618C-2FFC-568B-B4A1A700519A}"
EndProject
Project("{FAE04EC0-301F-11D3-BF4B-00C04F79EFBC}") = "Assembly-CSharp-Editor", "Assembly-CSharp-Editor.csproj", "{6B50346C-1B4B-7104-74EA-C017690E1567}"
EndProject
Project("{FAE04EC0-301F-11D3-BF4B-00C04F79EFBC}") = "PhotonUnityNetworking.Utilities.PhotonPlayer.Editor", "PhotonUnityNetworking.Utilities.PhotonPlayer.Editor.csproj", "{51505181-573D-7898-52B8-1DCF4B538136}"
EndProject
Project("{FAE04EC0-301F-11D3-BF4B-00C04F79EFBC}") = "PhotonUnityNetworking.Utilities.Culling.Editor", "PhotonUnityNetworking.Utilities.Culling.Editor.csproj", "{5A2E4A44-EBFB-BBFE-17A1-9208F4E3CB0B}"
EndProject
Project("{FAE04EC0-301F-11D3-BF4B-00C04F79EFBC}") = "PunDemos.DemoHubEditor", "PunDemos.DemoHubEditor.csproj", "{855C76B7-AD58-A9B5-1AFA-BAE9E2F11BFE}"
EndProject
Global
	GlobalSection(SolutionConfigurationPlatforms) = preSolution
		Debug|Any CPU = Debug|Any CPU
		Release|Any CPU = Release|Any CPU
	EndGlobalSection
	GlobalSection(ProjectConfigurationPlatforms) = postSolution
		{F2914780-741C-B30A-6E4A-1DE6937389C8}.Debug|Any CPU.ActiveCfg = Debug|Any CPU
		{F2914780-741C-B30A-6E4A-1DE6937389C8}.Debug|Any CPU.Build.0 = Debug|Any CPU
		{F2914780-741C-B30A-6E4A-1DE6937389C8}.Release|Any CPU.ActiveCfg = Release|Any CPU
		{F2914780-741C-B30A-6E4A-1DE6937389C8}.Release|Any CPU.Build.0 = Release|Any CPU
		{9871F6DD-7EDD-FEAE-CB73-F6C3AE67D19A}.Debug|Any CPU.ActiveCfg = Debug|Any CPU
		{9871F6DD-7EDD-FEAE-CB73-F6C3AE67D19A}.Debug|Any CPU.Build.0 = Debug|Any CPU
		{9871F6DD-7EDD-FEAE-CB73-F6C3AE67D19A}.Release|Any CPU.ActiveCfg = Release|Any CPU
		{9871F6DD-7EDD-FEAE-CB73-F6C3AE67D19A}.Release|Any CPU.Build.0 = Release|Any CPU
		{D1B9848C-F67B-B737-9502-D41802D777DF}.Debug|Any CPU.ActiveCfg = Debug|Any CPU
		{D1B9848C-F67B-B737-9502-D41802D777DF}.Debug|Any CPU.Build.0 = Debug|Any CPU
		{D1B9848C-F67B-B737-9502-D41802D777DF}.Release|Any CPU.ActiveCfg = Release|Any CPU
		{D1B9848C-F67B-B737-9502-D41802D777DF}.Release|Any CPU.Build.0 = Release|Any CPU
		{8A8E660B-B802-56BE-2F9C-38C452721A93}.Debug|Any CPU.ActiveCfg = Debug|Any CPU
		{8A8E660B-B802-56BE-2F9C-38C452721A93}.Debug|Any CPU.Build.0 = Debug|Any CPU
		{8A8E660B-B802-56BE-2F9C-38C452721A93}.Release|Any CPU.ActiveCfg = Release|Any CPU
		{8A8E660B-B802-56BE-2F9C-38C452721A93}.Release|Any CPU.Build.0 = Release|Any CPU
		{625326C5-4607-E9AA-DD98-ACD8C3D2E602}.Debug|Any CPU.ActiveCfg = Debug|Any CPU
		{625326C5-4607-E9AA-DD98-ACD8C3D2E602}.Debug|Any CPU.Build.0 = Debug|Any CPU
		{625326C5-4607-E9AA-DD98-ACD8C3D2E602}.Release|Any CPU.ActiveCfg = Release|Any CPU
		{625326C5-4607-E9AA-DD98-ACD8C3D2E602}.Release|Any CPU.Build.0 = Release|Any CPU
		{D1EFA966-41C8-A410-51BA-40B99DE41C7E}.Debug|Any CPU.ActiveCfg = Debug|Any CPU
		{D1EFA966-41C8-A410-51BA-40B99DE41C7E}.Debug|Any CPU.Build.0 = Debug|Any CPU
		{D1EFA966-41C8-A410-51BA-40B99DE41C7E}.Release|Any CPU.ActiveCfg = Release|Any CPU
		{D1EFA966-41C8-A410-51BA-40B99DE41C7E}.Release|Any CPU.Build.0 = Release|Any CPU
		{D49089C9-1A42-E696-17B0-DE1A4DF70E68}.Debug|Any CPU.ActiveCfg = Debug|Any CPU
		{D49089C9-1A42-E696-17B0-DE1A4DF70E68}.Debug|Any CPU.Build.0 = Debug|Any CPU
		{D49089C9-1A42-E696-17B0-DE1A4DF70E68}.Release|Any CPU.ActiveCfg = Release|Any CPU
		{D49089C9-1A42-E696-17B0-DE1A4DF70E68}.Release|Any CPU.Build.0 = Release|Any CPU
		{37F480EB-C90F-3959-4AF0-517770DC12FE}.Debug|Any CPU.ActiveCfg = Debug|Any CPU
		{37F480EB-C90F-3959-4AF0-517770DC12FE}.Debug|Any CPU.Build.0 = Debug|Any CPU
		{37F480EB-C90F-3959-4AF0-517770DC12FE}.Release|Any CPU.ActiveCfg = Release|Any CPU
		{37F480EB-C90F-3959-4AF0-517770DC12FE}.Release|Any CPU.Build.0 = Release|Any CPU
		{4E3CD8B1-1C8D-D408-7607-826DE77496E9}.Debug|Any CPU.ActiveCfg = Debug|Any CPU
		{4E3CD8B1-1C8D-D408-7607-826DE77496E9}.Debug|Any CPU.Build.0 = Debug|Any CPU
		{4E3CD8B1-1C8D-D408-7607-826DE77496E9}.Release|Any CPU.ActiveCfg = Release|Any CPU
		{4E3CD8B1-1C8D-D408-7607-826DE77496E9}.Release|Any CPU.Build.0 = Release|Any CPU
		{CD19DB0A-7AFE-1DD2-B814-3A570098F32F}.Debug|Any CPU.ActiveCfg = Debug|Any CPU
		{CD19DB0A-7AFE-1DD2-B814-3A570098F32F}.Debug|Any CPU.Build.0 = Debug|Any CPU
		{CD19DB0A-7AFE-1DD2-B814-3A570098F32F}.Release|Any CPU.ActiveCfg = Release|Any CPU
		{CD19DB0A-7AFE-1DD2-B814-3A570098F32F}.Release|Any CPU.Build.0 = Release|Any CPU
		{C3F60C42-3003-38E1-0FED-194109460C7A}.Debug|Any CPU.ActiveCfg = Debug|Any CPU
		{C3F60C42-3003-38E1-0FED-194109460C7A}.Debug|Any CPU.Build.0 = Debug|Any CPU
		{C3F60C42-3003-38E1-0FED-194109460C7A}.Release|Any CPU.ActiveCfg = Release|Any CPU
		{C3F60C42-3003-38E1-0FED-194109460C7A}.Release|Any CPU.Build.0 = Release|Any CPU
		{D9B47126-618C-2FFC-568B-B4A1A700519A}.Debug|Any CPU.ActiveCfg = Debug|Any CPU
		{D9B47126-618C-2FFC-568B-B4A1A700519A}.Debug|Any CPU.Build.0 = Debug|Any CPU
		{D9B47126-618C-2FFC-568B-B4A1A700519A}.Release|Any CPU.ActiveCfg = Release|Any CPU
		{D9B47126-618C-2FFC-568B-B4A1A700519A}.Release|Any CPU.Build.0 = Release|Any CPU
		{6B50346C-1B4B-7104-74EA-C017690E1567}.Debug|Any CPU.ActiveCfg = Debug|Any CPU
		{6B50346C-1B4B-7104-74EA-C017690E1567}.Debug|Any CPU.Build.0 = Debug|Any CPU
		{6B50346C-1B4B-7104-74EA-C017690E1567}.Release|Any CPU.ActiveCfg = Release|Any CPU
		{6B50346C-1B4B-7104-74EA-C017690E1567}.Release|Any CPU.Build.0 = Release|Any CPU
		{51505181-573D-7898-52B8-1DCF4B538136}.Debug|Any CPU.ActiveCfg = Debug|Any CPU
		{51505181-573D-7898-52B8-1DCF4B538136}.Debug|Any CPU.Build.0 = Debug|Any CPU
		{51505181-573D-7898-52B8-1DCF4B538136}.Release|Any CPU.ActiveCfg = Release|Any CPU
		{51505181-573D-7898-52B8-1DCF4B538136}.Release|Any CPU.Build.0 = Release|Any CPU
		{5A2E4A44-EBFB-BBFE-17A1-9208F4E3CB0B}.Debug|Any CPU.ActiveCfg = Debug|Any CPU
		{5A2E4A44-EBFB-BBFE-17A1-9208F4E3CB0B}.Debug|Any CPU.Build.0 = Debug|Any CPU
		{5A2E4A44-EBFB-BBFE-17A1-9208F4E3CB0B}.Release|Any CPU.ActiveCfg = Release|Any CPU
		{5A2E4A44-EBFB-BBFE-17A1-9208F4E3CB0B}.Release|Any CPU.Build.0 = Release|Any CPU
		{855C76B7-AD58-A9B5-1AFA-BAE9E2F11BFE}.Debug|Any CPU.ActiveCfg = Debug|Any CPU
		{855C76B7-AD58-A9B5-1AFA-BAE9E2F11BFE}.Debug|Any CPU.Build.0 = Debug|Any CPU
		{855C76B7-AD58-A9B5-1AFA-BAE9E2F11BFE}.Release|Any CPU.ActiveCfg = Release|Any CPU
		{855C76B7-AD58-A9B5-1AFA-BAE9E2F11BFE}.Release|Any CPU.Build.0 = Release|Any CPU
	EndGlobalSection
	GlobalSection(SolutionProperties) = preSolution
		HideSolutionNode = FALSE
	EndGlobalSection
EndGlobal
